# THIS IS AN AUTOGENERATED FILE. DO NOT EDIT THIS FILE DIRECTLY.
# yarn lockfile v1


keen-slider@^6.8.6:
  version "6.8.6"
  resolved "https://registry.yarnpkg.com/keen-slider/-/keen-slider-6.8.6.tgz#17bb7b219860f291a5ea5fde4496b737bf407a83"
  integrity sha512-dcEQ7GDBpCjUQA8XZeWh3oBBLLmyn8aoeIQFGL/NTVkoEOsmlnXqA4QykUm/SncolAZYGsEk/PfUhLZ7mwMM2w==
